
Microsoft Visual Studio Solution File, Format Version 12.00
# Visual Studio Version 16
VisualStudioVersion = 16.0.30717.126
MinimumVisualStudioVersion = 10.0.40219.1
Project("{FAE04EC0-301F-11D3-BF4B-00C04F79EFBC}") = "PlayingALocalVideoFile", "PlayingALocalVideoFile\PlayingALocalVideoFile.csproj", "{D4DA0BF4-8552-4EFB-8C6F-C8F7DBA41708}"
EndProject
Global
	GlobalSection(SolutionConfigurationPlatforms) = preSolution
		Debug|Any CPU = Debug|Any CPU
		Release|Any CPU = Release|Any CPU
	EndGlobalSection
	GlobalSection(ProjectConfigurationPlatforms) = postSolution
		{D4DA0BF4-8552-4EFB-8C6F-C8F7DBA41708}.Debug|Any CPU.ActiveCfg = Debug|Any CPU
		{D4DA0BF4-8552-4EFB-8C6F-C8F7DBA41708}.Debug|Any CPU.Build.0 = Debug|Any CPU
		{D4DA0BF4-8552-4EFB-8C6F-C8F7DBA41708}.Release|Any CPU.ActiveCfg = Release|Any CPU
		{D4DA0BF4-8552-4EFB-8C6F-C8F7DBA41708}.Release|Any CPU.Build.0 = Release|Any CPU
	EndGlobalSection
	GlobalSection(SolutionProperties) = preSolution
		HideSolutionNode = FALSE
	EndGlobalSection
	GlobalSection(ExtensibilityGlobals) = postSolution
		SolutionGuid = {AFD1199A-ADFA-4D51-9550-580043EA561A}
	EndGlobalSection
EndGlobal
